// !$*UTF8*$!
{
	archiveVersion = 1;
	classes = {
	};
	objectVersion = 46;
	objects = {

/* Begin PBXBuildFile section */
		93F9BFD21E4F60A40022D021 /* AppDelegate.swift in Sources */ = {isa = PBXBuildFile; fileRef = 93F9BFD11E4F60A40022D021 /* AppDelegate.swift */; };
		93F9BFD41E4F60A40022D021 /* ViewController.swift in Sources */ = {isa = PBXBuildFile; fileRef = 93F9BFD31E4F60A40022D021 /* ViewController.swift */; };
		93F9BFD71E4F60A40022D021 /* Main.storyboard in Resources */ = {isa = PBXBuildFile; fileRef = 93F9BFD51E4F60A40022D021 /* Main.storyboard */; };
		93F9BFD91E4F60A40022D021 /* Assets.xcassets in Resources */ = {isa = PBXBuildFile; fileRef = 93F9BFD81E4F60A40022D021 /* Assets.xcassets */; };
		93F9BFDC1E4F60A40022D021 /* LaunchScreen.storyboard in Resources */ = {isa = PBXBuildFile; fileRef = 93F9BFDA1E4F60A40022D021 /* LaunchScreen.storyboard */; };
		93F9BFE71E4F60A40022D021 /* DestroyTheWorld2Tests.swift in Sources */ = {isa = PBXBuildFile; fileRef = 93F9BFE61E4F60A40022D021 /* DestroyTheWorld2Tests.swift */; };
		93F9BFF21E4F60A40022D021 /* DestroyTheWorld2UITests.swift in Sources */ = {isa = PBXBuildFile; fileRef = 93F9BFF11E4F60A40022D021 /* DestroyTheWorld2UITests.swift */; };
/* End PBXBuildFile section */

/* Begin PBXContainerItemProxy section */
		93F9BFE31E4F60A40022D021 /* PBXContainerItemProxy */ = {
			isa = PBXContainerItemProxy;
			containerPortal = 93F9BFC61E4F60A40022D021 /* Project object */;
			proxyType = 1;
			remoteGlobalIDString = 93F9BFCD1E4F60A40022D021;
			remoteInfo = DestroyTheWorld2;
		};
		93F9BFEE1E4F60A40022D021 /* PBXContainerItemProxy */ = {
			isa = PBXContainerItemProxy;
			containerPortal = 93F9BFC61E4F60A40022D021 /* Project object */;
			proxyType = 1;
			remoteGlobalIDString = 93F9BFCD1E4F60A40022D021;
			remoteInfo = DestroyTheWorld2;
		};
/* End PBXContainerItemProxy section */

/* Begin PBXFileReference section */
		93F9BFCE1E4F60A40022D021 /* DestroyTheWorld2.app */ = {isa = PBXFileReference; explicitFileType = wrapper.application; includeInIndex = 0; path = DestroyTheWorld2.app; sourceTree = BUILT_PRODUCTS_DIR; };
		93F9BFD11E4F60A40022D021 /* AppDelegate.swift */ = {isa = PBXFileReference; lastKnownFileType = sourcecode.swift; path = AppDelegate.swift; sourceTree = "<group>"; };
		93F9BFD31E4F60A40022D021 /* ViewController.swift */ = {isa = PBXFileReference; lastKnownFileType = sourcecode.swift; path = ViewController.swift; sourceTree = "<group>"; };
		93F9BFD61E4F60A40022D021 /* Base */ = {isa = PBXFileReference; lastKnownFileType = file.storyboard; name = Base; path = Base.lproj/Main.storyboard; sourceTree = "<group>"; };
		93F9BFD81E4F60A40022D021 /* Assets.xcassets */ = {isa = PBXFileReference; lastKnownFileType = folder.assetcatalog; path = Assets.xcassets; sourceTree = "<group>"; };
		93F9BFDB1E4F60A40022D021 /* Base */ = {isa = PBXFileReference; lastKnownFileType = file.storyboard; name = Base; path = Base.lproj/LaunchScreen.storyboard; sourceTree = "<group>"; };
		93F9BFDD1E4F60A40022D021 /* Info.plist */ = {isa = PBXFileReference; lastKnownFileType = text.plist.xml; path = Info.plist; sourceTree = "<group>"; };
		93F9BFE21E4F60A40022D021 /* DestroyTheWorld2Tests.xctest */ = {isa = PBXFileReference; explicitFileType = wrapper.cfbundle; includeInIndex = 0; path = DestroyTheWorld2Tests.xctest; sourceTree = BUILT_PRODUCTS_DIR; };
		93F9BFE61E4F60A40022D021 /* DestroyTheWorld2Tests.swift */ = {isa = PBXFileReference; lastKnownFileType = sourcecode.swift; path = DestroyTheWorld2Tests.swift; sourceTree = "<group>"; };
		93F9BFE81E4F60A40022D021 /* Info.plist */ = {isa = PBXFileReference; lastKnownFileType = text.plist.xml; path = Info.plist; sourceTree = "<group>"; };
		93F9BFED1E4F60A40022D021 /* DestroyTheWorld2UITests.xctest */ = {isa = PBXFileReference; explicitFileType = wrapper.cfbundle; includeInIndex = 0; path = DestroyTheWorld2UITests.xctest; sourceTree = BUILT_PRODUCTS_DIR; };
		93F9BFF11E4F60A40022D021 /* DestroyTheWorld2UITests.swift */ = {isa = PBXFileReference; lastKnownFileType = sourcecode.swift; path = DestroyTheWorld2UITests.swift; sourceTree = "<group>"; };
		93F9BFF31E4F60A40022D021 /* Info.plist */ = {isa = PBXFileReference; lastKnownFileType = text.plist.xml; path = Info.plist; sourceTree = "<group>"; };
/* End PBXFileReference section */

/* Begin PBXFrameworksBuildPhase section */
		93F9BFCB1E4F60A40022D021 /* Frameworks */ = {
			isa = PBXFrameworksBuildPhase;
			buildActionMask = 2147483647;
			files = (
			);
			runOnlyForDeploymentPostprocessing = 0;
		};
		93F9BFDF1E4F60A40022D021 /* Frameworks */ = {
			isa = PBXFrameworksBuildPhase;
			buildActionMask = 2147483647;
			files = (
			);
			runOnlyForDeploymentPostprocessing = 0;
		};
		93F9BFEA1E4F60A40022D021 /* Frameworks */ = {
			isa = PBXFrameworksBuildPhase;
			buildActionMask = 2147483647;
			files = (
			);
			runOnlyForDeploymentPostprocessing = 0;
		};
/* End PBXFrameworksBuildPhase section */

/* Begin PBXGroup section */
		93F9BFC51E4F60A40022D021 = {
			isa = PBXGroup;
			children = (
				93F9BFD01E4F60A40022D021 /* DestroyTheWorld2 */,
				93F9BFE51E4F60A40022D021 /* DestroyTheWorld2Tests */,
				93F9BFF01E4F60A40022D021 /* DestroyTheWorld2UITests */,
				93F9BFCF1E4F60A40022D021 /* Products */,
			);
			sourceTree = "<group>";
		};
		93F9BFCF1E4F60A40022D021 /* Products */ = {
			isa = PBXGroup;
			children = (
				93F9BFCE1E4F60A40022D021 /* DestroyTheWorld2.app */,
				93F9BFE21E4F60A40022D021 /* DestroyTheWorld2Tests.xctest */,
				93F9BFED1E4F60A40022D021 /* DestroyTheWorld2UITests.xctest */,
			);
			name = Products;
			sourceTree = "<group>";
		};
		93F9BFD01E4F60A40022D021 /* DestroyTheWorld2 */ = {
			isa = PBXGroup;
			children = (
				93F9BFD11E4F60A40022D021 /* AppDelegate.swift */,
				93F9BFD31E4F60A40022D021 /* ViewController.swift */,
				93F9BFD51E4F60A40022D021 /* Main.storyboard */,
				93F9BFD81E4F60A40022D021 /* Assets.xcassets */,
				93F9BFDA1E4F60A40022D021 /* LaunchScreen.storyboard */,
				93F9BFDD1E4F60A40022D021 /* Info.plist */,
			);
			path = DestroyTheWorld2;
			sourceTree = "<group>";
		};
		93F9BFE51E4F60A40022D021 /* DestroyTheWorld2Tests */ = {
			isa = PBXGroup;
			children = (
				93F9BFE61E4F60A40022D021 /* DestroyTheWorld2Tests.swift */,
				93F9BFE81E4F60A40022D021 /* Info.plist */,
			);
			path = DestroyTheWorld2Tests;
			sourceTree = "<group>";
		};
		93F9BFF01E4F60A40022D021 /* DestroyTheWorld2UITests */ = {
			isa = PBXGroup;
			children = (
				93F9BFF11E4F60A40022D021 /* DestroyTheWorld2UITests.swift */,
				93F9BFF31E4F60A40022D021 /* Info.plist */,
			);
			path = DestroyTheWorld2UITests;
			sourceTree = "<group>";
		};
/* End PBXGroup section */

/* Begin PBXNativeTarget section */
		93F9BFCD1E4F60A40022D021 /* DestroyTheWorld2 */ = {
			isa = PBXNativeTarget;
			buildConfigurationList = 93F9BFF61E4F60A40022D021 /* Build configuration list for PBXNativeTarget "DestroyTheWorld2" */;
			buildPhases = (
				93F9BFCA1E4F60A40022D021 /* Sources */,
				93F9BFCB1E4F60A40022D021 /* Frameworks */,
				93F9BFCC1E4F60A40022D021 /* Resources */,
			);
			buildRules = (
			);
			dependencies = (
			);
			name = DestroyTheWorld2;
			productName = DestroyTheWorld2;
			productReference = 93F9BFCE1E4F60A40022D021 /* DestroyTheWorld2.app */;
			productType = "com.apple.product-type.application";
		};
		93F9BFE11E4F60A40022D021 /* DestroyTheWorld2Tests */ = {
			isa = PBXNativeTarget;
			buildConfigurationList = 93F9BFF91E4F60A40022D021 /* Build configuration list for PBXNativeTarget "DestroyTheWorld2Tests" */;
			buildPhases = (
				93F9BFDE1E4F60A40022D021 /* Sources */,
				93F9BFDF1E4F60A40022D021 /* Frameworks */,
				93F9BFE01E4F60A40022D021 /* Resources */,
			);
			buildRules = (
			);
			dependencies = (
				93F9BFE41E4F60A40022D021 /* PBXTargetDependency */,
			);
			name = DestroyTheWorld2Tests;
			productName = DestroyTheWorld2Tests;
			productReference = 93F9BFE21E4F60A40022D021 /* DestroyTheWorld2Tests.xctest */;
			productType = "com.apple.product-type.bundle.unit-test";
		};
		93F9BFEC1E4F60A40022D021 /* DestroyTheWorld2UITests */ = {
			isa = PBXNativeTarget;
			buildConfigurationList = 93F9BFFC1E4F60A40022D021 /* Build configuration list for PBXNativeTarget "DestroyTheWorld2UITests" */;
			buildPhases = (
				93F9BFE91E4F60A40022D021 /* Sources */,
				93F9BFEA1E4F60A40022D021 /* Frameworks */,
				93F9BFEB1E4F60A40022D021 /* Resources */,
			);
			buildRules = (
			);
			dependencies = (
				93F9BFEF1E4F60A40022D021 /* PBXTargetDependency */,
			);
			name = DestroyTheWorld2UITests;
			productName = DestroyTheWorld2UITests;
			productReference = 93F9BFED1E4F60A40022D021 /* DestroyTheWorld2UITests.xctest */;
			productType = "com.apple.product-type.bundle.ui-testing";
		};
/* End PBXNativeTarget section */

/* Begin PBXProject section */
		93F9BFC61E4F60A40022D021 /* Project object */ = {
			isa = PBXProject;
			attributes = {
				LastSwiftUpdateCheck = 0820;
				LastUpgradeCheck = 0820;
				ORGANIZATIONNAME = "Nic Yang";
				TargetAttributes = {
					93F9BFCD1E4F60A40022D021 = {
						CreatedOnToolsVersion = 8.2.1;
						DevelopmentTeam = EJSTD9X4U3;
						ProvisioningStyle = Automatic;
					};
					93F9BFE11E4F60A40022D021 = {
						CreatedOnToolsVersion = 8.2.1;
						DevelopmentTeam = EJSTD9X4U3;
						ProvisioningStyle = Automatic;
						TestTargetID = 93F9BFCD1E4F60A40022D021;
					};
					93F9BFEC1E4F60A40022D021 = {
						CreatedOnToolsVersion = 8.2.1;
						DevelopmentTeam = EJSTD9X4U3;
						ProvisioningStyle = Automatic;
						TestTargetID = 93F9BFCD1E4F60A40022D021;
					};
				};
			};
			buildConfigurationList = 93F9BFC91E4F60A40022D021 /* Build configuration list for PBXProject "DestroyTheWorld2" */;
			compatibilityVersion = "Xcode 3.2";
			developmentRegion = English;
			hasScannedForEncodings = 0;
			knownRegions = (
				en,
				Base,
			);
			mainGroup = 93F9BFC51E4F60A40022D021;
			productRefGroup = 93F9BFCF1E4F60A40022D021 /* Products */;
			projectDirPath = "";
			projectRoot = "";
			targets = (
				93F9BFCD1E4F60A40022D021 /* DestroyTheWorld2 */,
				93F9BFE11E4F60A40022D021 /* DestroyTheWorld2Tests */,
				93F9BFEC1E4F60A40022D021 /* DestroyTheWorld2UITests */,
			);
		};
/* End PBXProject section */

/* Begin PBXResourcesBuildPhase section */
		93F9BFCC1E4F60A40022D021 /* Resources */ = {
			isa = PBXResourcesBuildPhase;
			buildActionMask = 2147483647;
			files = (
				93F9BFDC1E4F60A40022D021 /* LaunchScreen.storyboard in Resources */,
				93F9BFD91E4F60A40022D021 /* Assets.xcassets in Resources */,
				93F9BFD71E4F60A40022D021 /* Main.storyboard in Resources */,
			);
			runOnlyForDeploymentPostprocessing = 0;
		};
		93F9BFE01E4F60A40022D021 /* Resources */ = {
			isa = PBXResourcesBuildPhase;
			buildActionMask = 2147483647;
			files = (
			);
			runOnlyForDeploymentPostprocessing = 0;
		};
		93F9BFEB1E4F60A40022D021 /* Resources */ = {
			isa = PBXResourcesBuildPhase;
			buildActionMask = 2147483647;
			files = (
			);
			runOnlyForDeploymentPostprocessing = 0;
		};
/* End PBXResourcesBuildPhase section */

/* Begin PBXSourcesBuildPhase section */
		93F9BFCA1E4F60A40022D021 /* Sources */ = {
			isa = PBXSourcesBuildPhase;
			buildActionMask = 2147483647;
			files = (
				93F9BFD41E4F60A40022D021 /* ViewController.swift in Sources */,
				93F9BFD21E4F60A40022D021 /* AppDelegate.swift in Sources */,
			);
			runOnlyForDeploymentPostprocessing = 0;
		};
		93F9BFDE1E4F60A40022D021 /* Sources */ = {
			isa = PBXSourcesBuildPhase;
			buildActionMask = 2147483647;
			files = (
				93F9BFE71E4F60A40022D021 /* DestroyTheWorld2Tests.swift in Sources */,
			);
			runOnlyForDeploymentPostprocessing = 0;
		};
		93F9BFE91E4F60A40022D021 /* Sources */ = {
			isa = PBXSourcesBuildPhase;
			buildActionMask = 2147483647;
			files = (
				93F9BFF21E4F60A40022D021 /* DestroyTheWorld2UITests.swift in Sources */,
			);
			runOnlyForDeploymentPostprocessing = 0;
		};
/* End PBXSourcesBuildPhase section */

/* Begin PBXTargetDependency section */
		93F9BFE41E4F60A40022D021 /* PBXTargetDependency */ = {
			isa = PBXTargetDependency;
			target = 93F9BFCD1E4F60A40022D021 /* DestroyTheWorld2 */;
			targetProxy = 93F9BFE31E4F60A40022D021 /* PBXContainerItemProxy */;
		};
		93F9BFEF1E4F60A40022D021 /* PBXTargetDependency */ = {
			isa = PBXTargetDependency;
			target = 93F9BFCD1E4F60A40022D021 /* DestroyTheWorld2 */;
			targetProxy = 93F9BFEE1E4F60A40022D021 /* PBXContainerItemProxy */;
		};
/* End PBXTargetDependency section */

/* Begin PBXVariantGroup section */
		93F9BFD51E4F60A40022D021 /* Main.storyboard */ = {
			isa = PBXVariantGroup;
			children = (
				93F9BFD61E4F60A40022D021 /* Base */,
			);
			name = Main.storyboard;
			sourceTree = "<group>";
		};
		93F9BFDA1E4F60A40022D021 /* LaunchScreen.storyboard */ = {
			isa = PBXVariantGroup;
			children = (
				93F9BFDB1E4F60A40022D021 /* Base */,
			);
			name = LaunchScreen.storyboard;
			sourceTree = "<group>";
		};
/* End PBXVariantGroup section */

/* Begin XCBuildConfiguration section */
		93F9BFF41E4F60A40022D021 /* Debug */ = {
			isa = XCBuildConfiguration;
			buildSettings = {
				ALWAYS_SEARCH_USER_PATHS = NO;
				CLANG_ANALYZER_NONNULL = YES;
				CLANG_CXX_LANGUAGE_STANDARD = "gnu++0x";
				CLANG_CXX_LIBRARY = "libc++";
				CLANG_ENABLE_MODULES = YES;
				CLANG_ENABLE_OBJC_ARC = YES;
				CLANG_WARN_BOOL_CONVERSION = YES;
				CLANG_WARN_CONSTANT_CONVERSION = YES;
				CLANG_WARN_DIRECT_OBJC_ISA_USAGE = YES_ERROR;
				CLANG_WARN_DOCUMENTATION_COMMENTS = YES;
				CLANG_WARN_EMPTY_BODY = YES;
				CLANG_WARN_ENUM_CONVERSION = YES;
				CLANG_WARN_INFINITE_RECURSION = YES;
				CLANG_WARN_INT_CONVERSION = YES;
				CLANG_WARN_OBJC_ROOT_CLASS = YES_ERROR;
				CLANG_WARN_SUSPICIOUS_MOVE = YES;
				CLANG_WARN_UNREACHABLE_CODE = YES;
				CLANG_WARN__DUPLICATE_METHOD_MATCH = YES;
				"CODE_SIGN_IDENTITY[sdk=iphoneos*]" = "iPhone Developer";
				COPY_PHASE_STRIP = NO;
				DEBUG_INFORMATION_FORMAT = dwarf;
				ENABLE_STRICT_OBJC_MSGSEND = YES;
				ENABLE_TESTABILITY = YES;
				GCC_C_LANGUAGE_STANDARD = gnu99;
				GCC_DYNAMIC_NO_PIC = NO;
				GCC_NO_COMMON_BLOCKS = YES;
				GCC_OPTIMIZATION_LEVEL = 0;
				GCC_PREPROCESSOR_DEFINITIONS = (
					"DEBUG=1",
					"$(inherited)",
				);
				GCC_WARN_64_TO_32_BIT_CONVERSION = YES;
				GCC_WARN_ABOUT_RETURN_TYPE = YES_ERROR;
				GCC_WARN_UNDECLARED_SELECTOR = YES;
				GCC_WARN_UNINITIALIZED_AUTOS = YES_AGGRESSIVE;
				GCC_WARN_UNUSED_FUNCTION = YES;
				GCC_WARN_UNUSED_VARIABLE = YES;
				IPHONEOS_DEPLOYMENT_TARGET = 10.2;
				MTL_ENABLE_DEBUG_INFO = YES;
				ONLY_ACTIVE_ARCH = YES;
				SDKROOT = iphoneos;
				SWIFT_ACTIVE_COMPILATION_CONDITIONS = DEBUG;
				SWIFT_OPTIMIZATION_LEVEL = "-Onone";
				TARGETED_DEVICE_FAMILY = "1,2";
			};
			name = Debug;
		};
		93F9BFF51E4F60A40022D021 /* Release */ = {
			isa = XCBuildConfiguration;
			buildSettings = {
				ALWAYS_SEARCH_USER_PATHS = NO;
				CLANG_ANALYZER_NONNULL = YES;
				CLANG_CXX_LANGUAGE_STANDARD = "gnu++0x";
				CLANG_CXX_LIBRARY = "libc++";
				CLANG_ENABLE_MODULES = YES;
				CLANG_ENABLE_OBJC_ARC = YES;
				CLANG_WARN_BOOL_CONVERSION = YES;
				CLANG_WARN_CONSTANT_CONVERSION = YES;
				CLANG_WARN_DIRECT_OBJC_ISA_USAGE = YES_ERROR;
				CLANG_WARN_DOCUMENTATION_COMMENTS = YES;
				CLANG_WARN_EMPTY_BODY = YES;
				CLANG_WARN_ENUM_CONVERSION = YES;
				CLANG_WARN_INFINITE_RECURSION = YES;
				CLANG_WARN_INT_CONVERSION = YES;
				CLANG_WARN_OBJC_ROOT_CLASS = YES_ERROR;
				CLANG_WARN_SUSPICIOUS_MOVE = YES;
				CLANG_WARN_UNREACHABLE_CODE = YES;
				CLANG_WARN__DUPLICATE_METHOD_MATCH = YES;
				"CODE_SIGN_IDENTITY[sdk=iphoneos*]" = "iPhone Developer";
				COPY_PHASE_STRIP = NO;
				DEBUG_INFORMATION_FORMAT = "dwarf-with-dsym";
				ENABLE_NS_ASSERTIONS = NO;
				ENABLE_STRICT_OBJC_MSGSEND = YES;
				GCC_C_LANGUAGE_STANDARD = gnu99;
				GCC_NO_COMMON_BLOCKS = YES;
				GCC_WARN_64_TO_32_BIT_CONVERSION = YES;
				GCC_WARN_ABOUT_RETURN_TYPE = YES_ERROR;
				GCC_WARN_UNDECLARED_SELECTOR = YES;
				GCC_WARN_UNINITIALIZED_AUTOS = YES_AGGRESSIVE;
				GCC_WARN_UNUSED_FUNCTION = YES;
				GCC_WARN_UNUSED_VARIABLE = YES;
				IPHONEOS_DEPLOYMENT_TARGET = 10.2;
				MTL_ENABLE_DEBUG_INFO = NO;
				SDKROOT = iphoneos;
				SWIFT_OPTIMIZATION_LEVEL = "-Owholemodule";
				TARGETED_DEVICE_FAMILY = "1,2";
				VALIDATE_PRODUCT = YES;
			};
			name = Release;
		};
		93F9BFF71E4F60A40022D021 /* Debug */ = {
			isa = XCBuildConfiguration;
			buildSettings = {
				ASSETCATALOG_COMPILER_APPICON_NAME = AppIcon;
				DEVELOPMENT_TEAM = EJSTD9X4U3;
				INFOPLIST_FILE = DestroyTheWorld2/Info.plist;
				LD_RUNPATH_SEARCH_PATHS = "$(inherited) @executable_path/Frameworks";
				PRODUCT_BUNDLE_IDENTIFIER = HTHT.DestroyTheWorld2;
				PRODUCT_NAME = "$(TARGET_NAME)";
				SWIFT_VERSION = 3.0;
			};
			name = Debug;
		};
		93F9BFF81E4F60A40022D021 /* Release */ = {
			isa = XCBuildConfiguration;
			buildSettings = {
				ASSETCATALOG_COMPILER_APPICON_NAME = AppIcon;
				DEVELOPMENT_TEAM = EJSTD9X4U3;
				INFOPLIST_FILE = DestroyTheWorld2/Info.plist;
				LD_RUNPATH_SEARCH_PATHS = "$(inherited) @executable_path/Frameworks";
				PRODUCT_BUNDLE_IDENTIFIER = HTHT.DestroyTheWorld2;
				PRODUCT_NAME = "$(TARGET_NAME)";
				SWIFT_VERSION = 3.0;
			};
			name = Release;
		};
		93F9BFFA1E4F60A40022D021 /* Debug */ = {
			isa = XCBuildConfiguration;
			buildSettings = {
				ALWAYS_EMBED_SWIFT_STANDARD_LIBRARIES = YES;
				BUNDLE_LOADER = "$(TEST_HOST)";
				DEVELOPMENT_TEAM = EJSTD9X4U3;
				INFOPLIST_FILE = DestroyTheWorld2Tests/Info.plist;
				LD_RUNPATH_SEARCH_PATHS = "$(inherited) @executable_path/Frameworks @loader_path/Frameworks";
				PRODUCT_BUNDLE_IDENTIFIER = HTHT.DestroyTheWorld2Tests;
				PRODUCT_NAME = "$(TARGET_NAME)";
				SWIFT_VERSION = 3.0;
				TEST_HOST = "$(BUILT_PRODUCTS_DIR)/DestroyTheWorld2.app/DestroyTheWorld2";
			};
			name = Debug;
		};
		93F9BFFB1E4F60A40022D021 /* Release */ = {
			isa = XCBuildConfiguration;
			buildSettings = {
				ALWAYS_EMBED_SWIFT_STANDARD_LIBRARIES = YES;
				BUNDLE_LOADER = "$(TEST_HOST)";
				DEVELOPMENT_TEAM = EJSTD9X4U3;
				INFOPLIST_FILE = DestroyTheWorld2Tests/Info.plist;
				LD_RUNPATH_SEARCH_PATHS = "$(inherited) @executable_path/Frameworks @loader_path/Frameworks";
				PRODUCT_BUNDLE_IDENTIFIER = HTHT.DestroyTheWorld2Tests;
				PRODUCT_NAME = "$(TARGET_NAME)";
				SWIFT_VERSION = 3.0;
				TEST_HOST = "$(BUILT_PRODUCTS_DIR)/DestroyTheWorld2.app/DestroyTheWorld2";
			};
			name = Release;
		};
		93F9BFFD1E4F60A40022D021 /* Debug */ = {
			isa = XCBuildConfiguration;
			buildSettings = {
				ALWAYS_EMBED_SWIFT_STANDARD_LIBRARIES = YES;
				DEVELOPMENT_TEAM = EJSTD9X4U3;
				INFOPLIST_FILE = DestroyTheWorld2UITests/Info.plist;
				LD_RUNPATH_SEARCH_PATHS = "$(inherited) @executable_path/Frameworks @loader_path/Frameworks";
				PRODUCT_BUNDLE_IDENTIFIER = HTHT.DestroyTheWorld2UITests;
				PRODUCT_NAME = "$(TARGET_NAME)";
				SWIFT_VERSION = 3.0;
				TEST_TARGET_NAME = DestroyTheWorld2;
			};
			name = Debug;
		};
		93F9BFFE1E4F60A40022D021 /* Release */ = {
			isa = XCBuildConfiguration;
			buildSettings = {
				ALWAYS_EMBED_SWIFT_STANDARD_LIBRARIES = YES;
				DEVELOPMENT_TEAM = EJSTD9X4U3;
				INFOPLIST_FILE = DestroyTheWorld2UITests/Info.plist;
				LD_RUNPATH_SEARCH_PATHS = "$(inherited) @executable_path/Frameworks @loader_path/Frameworks";
				PRODUCT_BUNDLE_IDENTIFIER = HTHT.DestroyTheWorld2UITests;
				PRODUCT_NAME = "$(TARGET_NAME)";
				SWIFT_VERSION = 3.0;
				TEST_TARGET_NAME = DestroyTheWorld2;
			};
			name = Release;
		};
/* End XCBuildConfiguration section */

/* Begin XCConfigurationList section */
		93F9BFC91E4F60A40022D021 /* Build configuration list for PBXProject "DestroyTheWorld2" */ = {
			isa = XCConfigurationList;
			buildConfigurations = (
				93F9BFF41E4F60A40022D021 /* Debug */,
				93F9BFF51E4F60A40022D021 /* Release */,
			);
			defaultConfigurationIsVisible = 0;
			defaultConfigurationName = Release;
		};
		93F9BFF61E4F60A40022D021 /* Build configuration list for PBXNativeTarget "DestroyTheWorld2" */ = {
			isa = XCConfigurationList;
			buildConfigurations = (
				93F9BFF71E4F60A40022D021 /* Debug */,
				93F9BFF81E4F60A40022D021 /* Release */,
			);
			defaultConfigurationIsVisible = 0;
		};
		93F9BFF91E4F60A40022D021 /* Build configuration list for PBXNativeTarget "DestroyTheWorld2Tests" */ = {
			isa = XCConfigurationList;
			buildConfigurations = (
				93F9BFFA1E4F60A40022D021 /* Debug */,
				93F9BFFB1E4F60A40022D021 /* Release */,
			);
			defaultConfigurationIsVisible = 0;
		};
		93F9BFFC1E4F60A40022D021 /* Build configuration list for PBXNativeTarget "DestroyTheWorld2UITests" */ = {
			isa = XCConfigurationList;
			buildConfigurations = (
				93F9BFFD1E4F60A40022D021 /* Debug */,
				93F9BFFE1E4F60A40022D021 /* Release */,
			);
			defaultConfigurationIsVisible = 0;
		};
/* End XCConfigurationList section */
	};
	rootObject = 93F9BFC61E4F60A40022D021 /* Project object */;
}
